
Microsoft Visual Studio Solution File, Format Version 12.00
# Visual Studio Version 17
VisualStudioVersion = 17.8.34525.116
MinimumVisualStudioVersion = 10.0.40219.1
Project("{9A19103F-16F7-4668-BE54-9A1E7A4F7556}") = "BBallStatsV2", "BBallStatsV2.csproj", "{5C2AFAB5-A3E6-4EBD-91BE-4C9BA76217F3}"
EndProject
Project("{9A19103F-16F7-4668-BE54-9A1E7A4F7556}") = "BballStatsFetcher", "..\BballStatsFetcher\BballStatsFetcher.csproj", "{F97E4981-0344-4159-990F-945578E7002C}"
EndProject
Project("{FAE04EC0-301F-11D3-BF4B-00C04F79EFBC}") = "BBallStats.Shared", "..\BBallStats.Shared\BBallStats.Shared.csproj", "{D0C6FEF7-EC1C-47E0-B18F-92A49CE528F6}"
EndProject
Global
	GlobalSection(SolutionConfigurationPlatforms) = preSolution
		Debug|Any CPU = Debug|Any CPU
		Release|Any CPU = Release|Any CPU
	EndGlobalSection
	GlobalSection(ProjectConfigurationPlatforms) = postSolution
		{5C2AFAB5-A3E6-4EBD-91BE-4C9BA76217F3}.Debug|Any CPU.ActiveCfg = Debug|Any CPU
		{5C2AFAB5-A3E6-4EBD-91BE-4C9BA76217F3}.Debug|Any CPU.Build.0 = Debug|Any CPU
		{5C2AFAB5-A3E6-4EBD-91BE-4C9BA76217F3}.Release|Any CPU.ActiveCfg = Release|Any CPU
		{5C2AFAB5-A3E6-4EBD-91BE-4C9BA76217F3}.Release|Any CPU.Build.0 = Release|Any CPU
		{F97E4981-0344-4159-990F-945578E7002C}.Debug|Any CPU.ActiveCfg = Debug|Any CPU
		{F97E4981-0344-4159-990F-945578E7002C}.Debug|Any CPU.Build.0 = Debug|Any CPU
		{F97E4981-0344-4159-990F-945578E7002C}.Release|Any CPU.ActiveCfg = Release|Any CPU
		{F97E4981-0344-4159-990F-945578E7002C}.Release|Any CPU.Build.0 = Release|Any CPU
		{D0C6FEF7-EC1C-47E0-B18F-92A49CE528F6}.Debug|Any CPU.ActiveCfg = Debug|Any CPU
		{D0C6FEF7-EC1C-47E0-B18F-92A49CE528F6}.Debug|Any CPU.Build.0 = Debug|Any CPU
		{D0C6FEF7-EC1C-47E0-B18F-92A49CE528F6}.Release|Any CPU.ActiveCfg = Release|Any CPU
		{D0C6FEF7-EC1C-47E0-B18F-92A49CE528F6}.Release|Any CPU.Build.0 = Release|Any CPU
	EndGlobalSection
	GlobalSection(SolutionProperties) = preSolution
		HideSolutionNode = FALSE
	EndGlobalSection
	GlobalSection(ExtensibilityGlobals) = postSolution
		SolutionGuid = {75FD1657-F027-4A4B-8B1F-C9A7394566CB}
	EndGlobalSection
EndGlobal
